{
    "_meta": {
        "hash": {
            "sha256": "323656820065f7ee58579b1ddb4692aaf6ee1c70ba1533aaad1967be6cdcb8cc"
        },
        "pipfile-spec": 6,
        "requires": {
            "python_version": "3.7"
        },
        "sources": [
            {
                "name": "pypi",
                "url": "https://pypi.org/simple",
                "verify_ssl": true
            }
        ]
    },
    "default": {
        "music21": {
            "hashes": [
                "sha256:10140b3b4e48671cfef98e5bbbb415770f6434c6caf9dbd29f00f40aec8402fe"
            ],
            "index": "pypi",
            "version": "==5.5.0"
        }
    },
    "develop": {
        "versioneer": {
            "hashes": [
                "sha256:08e395c0acc544f78645b9c0ebfccaf47950ae61e0c85bd1aaea98ff59609aeb",
                "sha256:ead1f78168150011189521b479d3a0dd2f55c94f5b07747b484fd693c3fbf335"
            ],
            "index": "pypi",
            "version": "==0.18"
        }
    }
}
